// !$*UTF8*$!
{
	archiveVersion = 1;
	classes = {
	};
	objectVersion = 46;
	objects = {

/* Begin PBXBuildFile section */
		71B6A83E1DB7C29C00797412 /* OpenGLView.swift in Sources */ = {isa = PBXBuildFile; fileRef = 71B6A83D1DB7C29C00797412 /* OpenGLView.swift */; };
		71CA77BB1DB3C5CD00B8E7DF /* AppDelegate.swift in Sources */ = {isa = PBXBuildFile; fileRef = 71CA77BA1DB3C5CD00B8E7DF /* AppDelegate.swift */; };
		71CA77BD1DB3C5CD00B8E7DF /* ViewController.swift in Sources */ = {isa = PBXBuildFile; fileRef = 71CA77BC1DB3C5CD00B8E7DF /* ViewController.swift */; };
		71CA77BF1DB3C5CE00B8E7DF /* Assets.xcassets in Resources */ = {isa = PBXBuildFile; fileRef = 71CA77BE1DB3C5CD00B8E7DF /* Assets.xcassets */; };
		71CA77C21DB3C5CE00B8E7DF /* Main.storyboard in Resources */ = {isa = PBXBuildFile; fileRef = 71CA77C01DB3C5CE00B8E7DF /* Main.storyboard */; };
		71E932881DBA77670024E177 /* Extensions.swift in Sources */ = {isa = PBXBuildFile; fileRef = 71E932871DBA77670024E177 /* Extensions.swift */; };
/* End PBXBuildFile section */

/* Begin PBXFileReference section */
		71B6A83D1DB7C29C00797412 /* OpenGLView.swift */ = {isa = PBXFileReference; fileEncoding = 4; lastKnownFileType = sourcecode.swift; path = OpenGLView.swift; sourceTree = "<group>"; };
		71CA77B71DB3C5CD00B8E7DF /* projeto1.app */ = {isa = PBXFileReference; explicitFileType = wrapper.application; includeInIndex = 0; path = projeto1.app; sourceTree = BUILT_PRODUCTS_DIR; };
		71CA77BA1DB3C5CD00B8E7DF /* AppDelegate.swift */ = {isa = PBXFileReference; lastKnownFileType = sourcecode.swift; path = AppDelegate.swift; sourceTree = "<group>"; };
		71CA77BC1DB3C5CD00B8E7DF /* ViewController.swift */ = {isa = PBXFileReference; lastKnownFileType = sourcecode.swift; path = ViewController.swift; sourceTree = "<group>"; };
		71CA77BE1DB3C5CD00B8E7DF /* Assets.xcassets */ = {isa = PBXFileReference; lastKnownFileType = folder.assetcatalog; path = Assets.xcassets; sourceTree = "<group>"; };
		71CA77C11DB3C5CE00B8E7DF /* Base */ = {isa = PBXFileReference; lastKnownFileType = file.storyboard; name = Base; path = Base.lproj/Main.storyboard; sourceTree = "<group>"; };
		71CA77C31DB3C5CE00B8E7DF /* Info.plist */ = {isa = PBXFileReference; lastKnownFileType = text.plist.xml; path = Info.plist; sourceTree = "<group>"; };
		71E932871DBA77670024E177 /* Extensions.swift */ = {isa = PBXFileReference; fileEncoding = 4; lastKnownFileType = sourcecode.swift; path = Extensions.swift; sourceTree = "<group>"; };
/* End PBXFileReference section */

/* Begin PBXFrameworksBuildPhase section */
		71CA77B41DB3C5CD00B8E7DF /* Frameworks */ = {
			isa = PBXFrameworksBuildPhase;
			buildActionMask = 2147483647;
			files = (
			);
			runOnlyForDeploymentPostprocessing = 0;
		};
/* End PBXFrameworksBuildPhase section */

/* Begin PBXGroup section */
		71CA77AE1DB3C5CD00B8E7DF = {
			isa = PBXGroup;
			children = (
				71CA77B91DB3C5CD00B8E7DF /* projeto1 */,
				71CA77B81DB3C5CD00B8E7DF /* Products */,
			);
			sourceTree = "<group>";
		};
		71CA77B81DB3C5CD00B8E7DF /* Products */ = {
			isa = PBXGroup;
			children = (
				71CA77B71DB3C5CD00B8E7DF /* projeto1.app */,
			);
			name = Products;
			sourceTree = "<group>";
		};
		71CA77B91DB3C5CD00B8E7DF /* projeto1 */ = {
			isa = PBXGroup;
			children = (
				71CA77BA1DB3C5CD00B8E7DF /* AppDelegate.swift */,
				71CA77BC1DB3C5CD00B8E7DF /* ViewController.swift */,
				71CA77BE1DB3C5CD00B8E7DF /* Assets.xcassets */,
				71CA77C01DB3C5CE00B8E7DF /* Main.storyboard */,
				71CA77C31DB3C5CE00B8E7DF /* Info.plist */,
				71B6A83D1DB7C29C00797412 /* OpenGLView.swift */,
				71E932871DBA77670024E177 /* Extensions.swift */,
			);
			path = projeto1;
			sourceTree = "<group>";
		};
/* End PBXGroup section */

/* Begin PBXNativeTarget section */
		71CA77B61DB3C5CD00B8E7DF /* projeto1 */ = {
			isa = PBXNativeTarget;
			buildConfigurationList = 71CA77C61DB3C5CE00B8E7DF /* Build configuration list for PBXNativeTarget "projeto1" */;
			buildPhases = (
				71CA77B31DB3C5CD00B8E7DF /* Sources */,
				71CA77B41DB3C5CD00B8E7DF /* Frameworks */,
				71CA77B51DB3C5CD00B8E7DF /* Resources */,
			);
			buildRules = (
			);
			dependencies = (
			);
			name = projeto1;
			productName = projeto1;
			productReference = 71CA77B71DB3C5CD00B8E7DF /* projeto1.app */;
			productType = "com.apple.product-type.application";
		};
/* End PBXNativeTarget section */

/* Begin PBXProject section */
		71CA77AF1DB3C5CD00B8E7DF /* Project object */ = {
			isa = PBXProject;
			attributes = {
				LastSwiftUpdateCheck = 0800;
				LastUpgradeCheck = 0800;
				ORGANIZATIONNAME = "Pintor&Chien";
				TargetAttributes = {
					71CA77B61DB3C5CD00B8E7DF = {
						CreatedOnToolsVersion = 8.0;
						ProvisioningStyle = Automatic;
					};
				};
			};
			buildConfigurationList = 71CA77B21DB3C5CD00B8E7DF /* Build configuration list for PBXProject "projeto1" */;
			compatibilityVersion = "Xcode 3.2";
			developmentRegion = English;
			hasScannedForEncodings = 0;
			knownRegions = (
				en,
				Base,
			);
			mainGroup = 71CA77AE1DB3C5CD00B8E7DF;
			productRefGroup = 71CA77B81DB3C5CD00B8E7DF /* Products */;
			projectDirPath = "";
			projectRoot = "";
			targets = (
				71CA77B61DB3C5CD00B8E7DF /* projeto1 */,
			);
		};
/* End PBXProject section */

/* Begin PBXResourcesBuildPhase section */
		71CA77B51DB3C5CD00B8E7DF /* Resources */ = {
			isa = PBXResourcesBuildPhase;
			buildActionMask = 2147483647;
			files = (
				71CA77BF1DB3C5CE00B8E7DF /* Assets.xcassets in Resources */,
				71CA77C21DB3C5CE00B8E7DF /* Main.storyboard in Resources */,
			);
			runOnlyForDeploymentPostprocessing = 0;
		};
/* End PBXResourcesBuildPhase section */

/* Begin PBXSourcesBuildPhase section */
		71CA77B31DB3C5CD00B8E7DF /* Sources */ = {
			isa = PBXSourcesBuildPhase;
			buildActionMask = 2147483647;
			files = (
				71CA77BD1DB3C5CD00B8E7DF /* ViewController.swift in Sources */,
				71B6A83E1DB7C29C00797412 /* OpenGLView.swift in Sources */,
				71CA77BB1DB3C5CD00B8E7DF /* AppDelegate.swift in Sources */,
				71E932881DBA77670024E177 /* Extensions.swift in Sources */,
			);
			runOnlyForDeploymentPostprocessing = 0;
		};
/* End PBXSourcesBuildPhase section */

/* Begin PBXVariantGroup section */
		71CA77C01DB3C5CE00B8E7DF /* Main.storyboard */ = {
			isa = PBXVariantGroup;
			children = (
				71CA77C11DB3C5CE00B8E7DF /* Base */,
			);
			name = Main.storyboard;
			sourceTree = "<group>";
		};
/* End PBXVariantGroup section */

/* Begin XCBuildConfiguration section */
		71CA77C41DB3C5CE00B8E7DF /* Debug */ = {
			isa = XCBuildConfiguration;
			buildSettings = {
				ALWAYS_SEARCH_USER_PATHS = NO;
				CLANG_ANALYZER_NONNULL = YES;
				CLANG_CXX_LANGUAGE_STANDARD = "gnu++0x";
				CLANG_CXX_LIBRARY = "libc++";
				CLANG_ENABLE_MODULES = YES;
				CLANG_ENABLE_OBJC_ARC = YES;
				CLANG_WARN_BOOL_CONVERSION = YES;
				CLANG_WARN_CONSTANT_CONVERSION = YES;
				CLANG_WARN_DIRECT_OBJC_ISA_USAGE = YES_ERROR;
				CLANG_WARN_DOCUMENTATION_COMMENTS = YES;
				CLANG_WARN_EMPTY_BODY = YES;
				CLANG_WARN_ENUM_CONVERSION = YES;
				CLANG_WARN_INFINITE_RECURSION = YES;
				CLANG_WARN_INT_CONVERSION = YES;
				CLANG_WARN_OBJC_ROOT_CLASS = YES_ERROR;
				CLANG_WARN_SUSPICIOUS_MOVES = YES;
				CLANG_WARN_UNREACHABLE_CODE = YES;
				CLANG_WARN__DUPLICATE_METHOD_MATCH = YES;
				CODE_SIGN_IDENTITY = "-";
				COPY_PHASE_STRIP = NO;
				DEBUG_INFORMATION_FORMAT = dwarf;
				ENABLE_STRICT_OBJC_MSGSEND = YES;
				ENABLE_TESTABILITY = YES;
				GCC_C_LANGUAGE_STANDARD = gnu99;
				GCC_DYNAMIC_NO_PIC = NO;
				GCC_NO_COMMON_BLOCKS = YES;
				GCC_OPTIMIZATION_LEVEL = 0;
				GCC_PREPROCESSOR_DEFINITIONS = (
					"DEBUG=1",
					"$(inherited)",
				);
				GCC_WARN_64_TO_32_BIT_CONVERSION = YES;
				GCC_WARN_ABOUT_RETURN_TYPE = YES_ERROR;
				GCC_WARN_UNDECLARED_SELECTOR = YES;
				GCC_WARN_UNINITIALIZED_AUTOS = YES_AGGRESSIVE;
				GCC_WARN_UNUSED_FUNCTION = YES;
				GCC_WARN_UNUSED_VARIABLE = YES;
				MACOSX_DEPLOYMENT_TARGET = 10.12;
				MTL_ENABLE_DEBUG_INFO = YES;
				ONLY_ACTIVE_ARCH = YES;
				SDKROOT = macosx;
				SWIFT_ACTIVE_COMPILATION_CONDITIONS = DEBUG;
				SWIFT_OPTIMIZATION_LEVEL = "-Onone";
			};
			name = Debug;
		};
		71CA77C51DB3C5CE00B8E7DF /* Release */ = {
			isa = XCBuildConfiguration;
			buildSettings = {
				ALWAYS_SEARCH_USER_PATHS = NO;
				CLANG_ANALYZER_NONNULL = YES;
				CLANG_CXX_LANGUAGE_STANDARD = "gnu++0x";
				CLANG_CXX_LIBRARY = "libc++";
				CLANG_ENABLE_MODULES = YES;
				CLANG_ENABLE_OBJC_ARC = YES;
				CLANG_WARN_BOOL_CONVERSION = YES;
				CLANG_WARN_CONSTANT_CONVERSION = YES;
				CLANG_WARN_DIRECT_OBJC_ISA_USAGE = YES_ERROR;
				CLANG_WARN_DOCUMENTATION_COMMENTS = YES;
				CLANG_WARN_EMPTY_BODY = YES;
				CLANG_WARN_ENUM_CONVERSION = YES;
				CLANG_WARN_INFINITE_RECURSION = YES;
				CLANG_WARN_INT_CONVERSION = YES;
				CLANG_WARN_OBJC_ROOT_CLASS = YES_ERROR;
				CLANG_WARN_SUSPICIOUS_MOVES = YES;
				CLANG_WARN_UNREACHABLE_CODE = YES;
				CLANG_WARN__DUPLICATE_METHOD_MATCH = YES;
				CODE_SIGN_IDENTITY = "-";
				COPY_PHASE_STRIP = NO;
				DEBUG_INFORMATION_FORMAT = "dwarf-with-dsym";
				ENABLE_NS_ASSERTIONS = NO;
				ENABLE_STRICT_OBJC_MSGSEND = YES;
				GCC_C_LANGUAGE_STANDARD = gnu99;
				GCC_NO_COMMON_BLOCKS = YES;
				GCC_WARN_64_TO_32_BIT_CONVERSION = YES;
				GCC_WARN_ABOUT_RETURN_TYPE = YES_ERROR;
				GCC_WARN_UNDECLARED_SELECTOR = YES;
				GCC_WARN_UNINITIALIZED_AUTOS = YES_AGGRESSIVE;
				GCC_WARN_UNUSED_FUNCTION = YES;
				GCC_WARN_UNUSED_VARIABLE = YES;
				MACOSX_DEPLOYMENT_TARGET = 10.12;
				MTL_ENABLE_DEBUG_INFO = NO;
				SDKROOT = macosx;
				SWIFT_OPTIMIZATION_LEVEL = "-Owholemodule";
			};
			name = Release;
		};
		71CA77C71DB3C5CE00B8E7DF /* Debug */ = {
			isa = XCBuildConfiguration;
			buildSettings = {
				ASSETCATALOG_COMPILER_APPICON_NAME = AppIcon;
				COMBINE_HIDPI_IMAGES = YES;
				INFOPLIST_FILE = projeto1/Info.plist;
				LD_RUNPATH_SEARCH_PATHS = "$(inherited) @executable_path/../Frameworks";
				PRODUCT_BUNDLE_IDENTIFIER = pg.projeto1;
				PRODUCT_NAME = "$(TARGET_NAME)";
				SWIFT_VERSION = 3.0;
			};
			name = Debug;
		};
		71CA77C81DB3C5CE00B8E7DF /* Release */ = {
			isa = XCBuildConfiguration;
			buildSettings = {
				ASSETCATALOG_COMPILER_APPICON_NAME = AppIcon;
				COMBINE_HIDPI_IMAGES = YES;
				INFOPLIST_FILE = projeto1/Info.plist;
				LD_RUNPATH_SEARCH_PATHS = "$(inherited) @executable_path/../Frameworks";
				PRODUCT_BUNDLE_IDENTIFIER = pg.projeto1;
				PRODUCT_NAME = "$(TARGET_NAME)";
				SWIFT_VERSION = 3.0;
			};
			name = Release;
		};
/* End XCBuildConfiguration section */

/* Begin XCConfigurationList section */
		71CA77B21DB3C5CD00B8E7DF /* Build configuration list for PBXProject "projeto1" */ = {
			isa = XCConfigurationList;
			buildConfigurations = (
				71CA77C41DB3C5CE00B8E7DF /* Debug */,
				71CA77C51DB3C5CE00B8E7DF /* Release */,
			);
			defaultConfigurationIsVisible = 0;
			defaultConfigurationName = Release;
		};
		71CA77C61DB3C5CE00B8E7DF /* Build configuration list for PBXNativeTarget "projeto1" */ = {
			isa = XCConfigurationList;
			buildConfigurations = (
				71CA77C71DB3C5CE00B8E7DF /* Debug */,
				71CA77C81DB3C5CE00B8E7DF /* Release */,
			);
			defaultConfigurationIsVisible = 0;
			defaultConfigurationName = Release;
		};
/* End XCConfigurationList section */
	};
	rootObject = 71CA77AF1DB3C5CD00B8E7DF /* Project object */;
}
